// !$*UTF8*$!
{
	archiveVersion = 1;
	classes = {
	};
	objectVersion = 56;
	objects = {

/* Begin PBXBuildFile section */
		2601036A2C0CB33F001A73E5 /* AppDelegate.swift in Sources */ = {isa = PBXBuildFile; fileRef = 260103692C0CB33F001A73E5 /* AppDelegate.swift */; };
		2601036C2C0CB33F001A73E5 /* SceneDelegate.swift in Sources */ = {isa = PBXBuildFile; fileRef = 2601036B2C0CB33F001A73E5 /* SceneDelegate.swift */; };
		2601036E2C0CB33F001A73E5 /* GetStartedViewController.swift in Sources */ = {isa = PBXBuildFile; fileRef = 2601036D2C0CB33F001A73E5 /* GetStartedViewController.swift */; };
		260103712C0CB33F001A73E5 /* Main.storyboard in Resources */ = {isa = PBXBuildFile; fileRef = 2601036F2C0CB33F001A73E5 /* Main.storyboard */; };
		260103732C0CB341001A73E5 /* Assets.xcassets in Resources */ = {isa = PBXBuildFile; fileRef = 260103722C0CB341001A73E5 /* Assets.xcassets */; };
		260103762C0CB341001A73E5 /* LaunchScreen.storyboard in Resources */ = {isa = PBXBuildFile; fileRef = 260103742C0CB341001A73E5 /* LaunchScreen.storyboard */; };
		2601037F2C10CC97001A73E5 /* UITapGestureRecognizer.swift in Sources */ = {isa = PBXBuildFile; fileRef = 2601037E2C10CC96001A73E5 /* UITapGestureRecognizer.swift */; };
		260103822C10CD25001A73E5 /* LoginViewController.swift in Sources */ = {isa = PBXBuildFile; fileRef = 260103812C10CD25001A73E5 /* LoginViewController.swift */; };
		260103842C10D09E001A73E5 /* OnboardingViewController.swift in Sources */ = {isa = PBXBuildFile; fileRef = 260103832C10D09E001A73E5 /* OnboardingViewController.swift */; };
		2601038A2C10E310001A73E5 /* FirstOnBView.swift in Sources */ = {isa = PBXBuildFile; fileRef = 260103892C10E310001A73E5 /* FirstOnBView.swift */; };
		2601038C2C10E815001A73E5 /* SecondOnBView.swift in Sources */ = {isa = PBXBuildFile; fileRef = 2601038B2C10E815001A73E5 /* SecondOnBView.swift */; };
		2601038E2C10E854001A73E5 /* ThirdOnBView.swift in Sources */ = {isa = PBXBuildFile; fileRef = 2601038D2C10E854001A73E5 /* ThirdOnBView.swift */; };
		260103902C10E877001A73E5 /* FourthOnBView.swift in Sources */ = {isa = PBXBuildFile; fileRef = 2601038F2C10E877001A73E5 /* FourthOnBView.swift */; };
		260103932C11A492001A73E5 /* PhoneView.swift in Sources */ = {isa = PBXBuildFile; fileRef = 260103922C11A492001A73E5 /* PhoneView.swift */; };
		260103952C11F2DF001A73E5 /* BottomView.swift in Sources */ = {isa = PBXBuildFile; fileRef = 260103942C11F2DF001A73E5 /* BottomView.swift */; };
		260103972C11F6A9001A73E5 /* RegisterViewController.swift in Sources */ = {isa = PBXBuildFile; fileRef = 260103962C11F6A9001A73E5 /* RegisterViewController.swift */; };
		260103992C11FF01001A73E5 /* Checkbox.swift in Sources */ = {isa = PBXBuildFile; fileRef = 260103982C11FF01001A73E5 /* Checkbox.swift */; };
		2601039C2C1234FD001A73E5 /* FirstPersonalizationController.swift in Sources */ = {isa = PBXBuildFile; fileRef = 2601039B2C1234FD001A73E5 /* FirstPersonalizationController.swift */; };
		2601039E2C14588E001A73E5 /* ProgressView.swift in Sources */ = {isa = PBXBuildFile; fileRef = 2601039D2C14588E001A73E5 /* ProgressView.swift */; };
		260103A02C145DF7001A73E5 /* SearchBar.swift in Sources */ = {isa = PBXBuildFile; fileRef = 2601039F2C145DF7001A73E5 /* SearchBar.swift */; };
/* End PBXBuildFile section */

/* Begin PBXFileReference section */
		260103662C0CB33F001A73E5 /* Recipe.app */ = {isa = PBXFileReference; explicitFileType = wrapper.application; includeInIndex = 0; path = Recipe.app; sourceTree = BUILT_PRODUCTS_DIR; };
		260103692C0CB33F001A73E5 /* AppDelegate.swift */ = {isa = PBXFileReference; lastKnownFileType = sourcecode.swift; path = AppDelegate.swift; sourceTree = "<group>"; };
		2601036B2C0CB33F001A73E5 /* SceneDelegate.swift */ = {isa = PBXFileReference; lastKnownFileType = sourcecode.swift; path = SceneDelegate.swift; sourceTree = "<group>"; };
		2601036D2C0CB33F001A73E5 /* GetStartedViewController.swift */ = {isa = PBXFileReference; lastKnownFileType = sourcecode.swift; path = GetStartedViewController.swift; sourceTree = "<group>"; };
		260103702C0CB33F001A73E5 /* Base */ = {isa = PBXFileReference; lastKnownFileType = file.storyboard; name = Base; path = Base.lproj/Main.storyboard; sourceTree = "<group>"; };
		260103722C0CB341001A73E5 /* Assets.xcassets */ = {isa = PBXFileReference; lastKnownFileType = folder.assetcatalog; path = Assets.xcassets; sourceTree = "<group>"; };
		260103752C0CB341001A73E5 /* Base */ = {isa = PBXFileReference; lastKnownFileType = file.storyboard; name = Base; path = Base.lproj/LaunchScreen.storyboard; sourceTree = "<group>"; };
		260103772C0CB341001A73E5 /* Info.plist */ = {isa = PBXFileReference; lastKnownFileType = text.plist.xml; path = Info.plist; sourceTree = "<group>"; };
		2601037E2C10CC96001A73E5 /* UITapGestureRecognizer.swift */ = {isa = PBXFileReference; lastKnownFileType = sourcecode.swift; path = UITapGestureRecognizer.swift; sourceTree = "<group>"; };
		260103812C10CD25001A73E5 /* LoginViewController.swift */ = {isa = PBXFileReference; lastKnownFileType = sourcecode.swift; path = LoginViewController.swift; sourceTree = "<group>"; };
		260103832C10D09E001A73E5 /* OnboardingViewController.swift */ = {isa = PBXFileReference; lastKnownFileType = sourcecode.swift; path = OnboardingViewController.swift; sourceTree = "<group>"; };
		260103892C10E310001A73E5 /* FirstOnBView.swift */ = {isa = PBXFileReference; lastKnownFileType = sourcecode.swift; path = FirstOnBView.swift; sourceTree = "<group>"; };
		2601038B2C10E815001A73E5 /* SecondOnBView.swift */ = {isa = PBXFileReference; lastKnownFileType = sourcecode.swift; path = SecondOnBView.swift; sourceTree = "<group>"; };
		2601038D2C10E854001A73E5 /* ThirdOnBView.swift */ = {isa = PBXFileReference; lastKnownFileType = sourcecode.swift; path = ThirdOnBView.swift; sourceTree = "<group>"; };
		2601038F2C10E877001A73E5 /* FourthOnBView.swift */ = {isa = PBXFileReference; lastKnownFileType = sourcecode.swift; path = FourthOnBView.swift; sourceTree = "<group>"; };
		260103922C11A492001A73E5 /* PhoneView.swift */ = {isa = PBXFileReference; lastKnownFileType = sourcecode.swift; path = PhoneView.swift; sourceTree = "<group>"; };
		260103942C11F2DF001A73E5 /* BottomView.swift */ = {isa = PBXFileReference; lastKnownFileType = sourcecode.swift; path = BottomView.swift; sourceTree = "<group>"; };
		260103962C11F6A9001A73E5 /* RegisterViewController.swift */ = {isa = PBXFileReference; lastKnownFileType = sourcecode.swift; path = RegisterViewController.swift; sourceTree = "<group>"; };
		260103982C11FF01001A73E5 /* Checkbox.swift */ = {isa = PBXFileReference; lastKnownFileType = sourcecode.swift; path = Checkbox.swift; sourceTree = "<group>"; };
		2601039B2C1234FD001A73E5 /* FirstPersonalizationController.swift */ = {isa = PBXFileReference; lastKnownFileType = sourcecode.swift; path = FirstPersonalizationController.swift; sourceTree = "<group>"; };
		2601039D2C14588E001A73E5 /* ProgressView.swift */ = {isa = PBXFileReference; lastKnownFileType = sourcecode.swift; path = ProgressView.swift; sourceTree = "<group>"; };
		2601039F2C145DF7001A73E5 /* SearchBar.swift */ = {isa = PBXFileReference; lastKnownFileType = sourcecode.swift; path = SearchBar.swift; sourceTree = "<group>"; };
/* End PBXFileReference section */

/* Begin PBXFrameworksBuildPhase section */
		260103632C0CB33F001A73E5 /* Frameworks */ = {
			isa = PBXFrameworksBuildPhase;
			buildActionMask = 2147483647;
			files = (
			);
			runOnlyForDeploymentPostprocessing = 0;
		};
/* End PBXFrameworksBuildPhase section */

/* Begin PBXGroup section */
		2601035D2C0CB33F001A73E5 = {
			isa = PBXGroup;
			children = (
				260103682C0CB33F001A73E5 /* Recipe */,
				260103672C0CB33F001A73E5 /* Products */,
			);
			sourceTree = "<group>";
		};
		260103672C0CB33F001A73E5 /* Products */ = {
			isa = PBXGroup;
			children = (
				260103662C0CB33F001A73E5 /* Recipe.app */,
			);
			name = Products;
			sourceTree = "<group>";
		};
		260103682C0CB33F001A73E5 /* Recipe */ = {
			isa = PBXGroup;
			children = (
				260103802C10CCEC001A73E5 /* Onboarding */,
				2601037D2C10CC87001A73E5 /* Extensions */,
				260103692C0CB33F001A73E5 /* AppDelegate.swift */,
				2601036B2C0CB33F001A73E5 /* SceneDelegate.swift */,
				2601036F2C0CB33F001A73E5 /* Main.storyboard */,
				260103722C0CB341001A73E5 /* Assets.xcassets */,
				260103742C0CB341001A73E5 /* LaunchScreen.storyboard */,
				260103772C0CB341001A73E5 /* Info.plist */,
			);
			path = Recipe;
			sourceTree = "<group>";
		};
		2601037D2C10CC87001A73E5 /* Extensions */ = {
			isa = PBXGroup;
			children = (
				2601037E2C10CC96001A73E5 /* UITapGestureRecognizer.swift */,
			);
			path = Extensions;
			sourceTree = "<group>";
		};
		260103802C10CCEC001A73E5 /* Onboarding */ = {
			isa = PBXGroup;
			children = (
				2601039A2C123497001A73E5 /* Personalization */,
				260103912C11A479001A73E5 /* Components */,
				2601036D2C0CB33F001A73E5 /* GetStartedViewController.swift */,
				260103812C10CD25001A73E5 /* LoginViewController.swift */,
				260103832C10D09E001A73E5 /* OnboardingViewController.swift */,
				260103962C11F6A9001A73E5 /* RegisterViewController.swift */,
			);
			path = Onboarding;
			sourceTree = "<group>";
		};
		260103912C11A479001A73E5 /* Components */ = {
			isa = PBXGroup;
			children = (
				2601038F2C10E877001A73E5 /* FourthOnBView.swift */,
				2601038D2C10E854001A73E5 /* ThirdOnBView.swift */,
				2601038B2C10E815001A73E5 /* SecondOnBView.swift */,
				260103892C10E310001A73E5 /* FirstOnBView.swift */,
				260103922C11A492001A73E5 /* PhoneView.swift */,
				260103942C11F2DF001A73E5 /* BottomView.swift */,
				260103982C11FF01001A73E5 /* Checkbox.swift */,
				2601039D2C14588E001A73E5 /* ProgressView.swift */,
				2601039F2C145DF7001A73E5 /* SearchBar.swift */,
			);
			path = Components;
			sourceTree = "<group>";
		};
		2601039A2C123497001A73E5 /* Personalization */ = {
			isa = PBXGroup;
			children = (
				2601039B2C1234FD001A73E5 /* FirstPersonalizationController.swift */,
			);
			path = Personalization;
			sourceTree = "<group>";
		};
/* End PBXGroup section */

/* Begin PBXNativeTarget section */
		260103652C0CB33F001A73E5 /* Recipe */ = {
			isa = PBXNativeTarget;
			buildConfigurationList = 2601037A2C0CB341001A73E5 /* Build configuration list for PBXNativeTarget "Recipe" */;
			buildPhases = (
				260103622C0CB33F001A73E5 /* Sources */,
				260103632C0CB33F001A73E5 /* Frameworks */,
				260103642C0CB33F001A73E5 /* Resources */,
			);
			buildRules = (
			);
			dependencies = (
			);
			name = Recipe;
			productName = Recipe;
			productReference = 260103662C0CB33F001A73E5 /* Recipe.app */;
			productType = "com.apple.product-type.application";
		};
/* End PBXNativeTarget section */

/* Begin PBXProject section */
		2601035E2C0CB33F001A73E5 /* Project object */ = {
			isa = PBXProject;
			attributes = {
				BuildIndependentTargetsInParallel = 1;
				LastSwiftUpdateCheck = 1520;
				LastUpgradeCheck = 1520;
				TargetAttributes = {
					260103652C0CB33F001A73E5 = {
						CreatedOnToolsVersion = 15.2;
					};
				};
			};
			buildConfigurationList = 260103612C0CB33F001A73E5 /* Build configuration list for PBXProject "Recipe" */;
			compatibilityVersion = "Xcode 14.0";
			developmentRegion = en;
			hasScannedForEncodings = 0;
			knownRegions = (
				en,
				Base,
			);
			mainGroup = 2601035D2C0CB33F001A73E5;
			productRefGroup = 260103672C0CB33F001A73E5 /* Products */;
			projectDirPath = "";
			projectRoot = "";
			targets = (
				260103652C0CB33F001A73E5 /* Recipe */,
			);
		};
/* End PBXProject section */

/* Begin PBXResourcesBuildPhase section */
		260103642C0CB33F001A73E5 /* Resources */ = {
			isa = PBXResourcesBuildPhase;
			buildActionMask = 2147483647;
			files = (
				260103762C0CB341001A73E5 /* LaunchScreen.storyboard in Resources */,
				260103732C0CB341001A73E5 /* Assets.xcassets in Resources */,
				260103712C0CB33F001A73E5 /* Main.storyboard in Resources */,
			);
			runOnlyForDeploymentPostprocessing = 0;
		};
/* End PBXResourcesBuildPhase section */

/* Begin PBXSourcesBuildPhase section */
		260103622C0CB33F001A73E5 /* Sources */ = {
			isa = PBXSourcesBuildPhase;
			buildActionMask = 2147483647;
			files = (
				2601036E2C0CB33F001A73E5 /* GetStartedViewController.swift in Sources */,
				2601039C2C1234FD001A73E5 /* FirstPersonalizationController.swift in Sources */,
				260103842C10D09E001A73E5 /* OnboardingViewController.swift in Sources */,
				2601037F2C10CC97001A73E5 /* UITapGestureRecognizer.swift in Sources */,
				260103952C11F2DF001A73E5 /* BottomView.swift in Sources */,
				260103992C11FF01001A73E5 /* Checkbox.swift in Sources */,
				2601038C2C10E815001A73E5 /* SecondOnBView.swift in Sources */,
				2601036A2C0CB33F001A73E5 /* AppDelegate.swift in Sources */,
				2601038E2C10E854001A73E5 /* ThirdOnBView.swift in Sources */,
				260103822C10CD25001A73E5 /* LoginViewController.swift in Sources */,
				260103902C10E877001A73E5 /* FourthOnBView.swift in Sources */,
				2601036C2C0CB33F001A73E5 /* SceneDelegate.swift in Sources */,
				260103972C11F6A9001A73E5 /* RegisterViewController.swift in Sources */,
				2601039E2C14588E001A73E5 /* ProgressView.swift in Sources */,
				2601038A2C10E310001A73E5 /* FirstOnBView.swift in Sources */,
				260103A02C145DF7001A73E5 /* SearchBar.swift in Sources */,
				260103932C11A492001A73E5 /* PhoneView.swift in Sources */,
			);
			runOnlyForDeploymentPostprocessing = 0;
		};
/* End PBXSourcesBuildPhase section */

/* Begin PBXVariantGroup section */
		2601036F2C0CB33F001A73E5 /* Main.storyboard */ = {
			isa = PBXVariantGroup;
			children = (
				260103702C0CB33F001A73E5 /* Base */,
			);
			name = Main.storyboard;
			sourceTree = "<group>";
		};
		260103742C0CB341001A73E5 /* LaunchScreen.storyboard */ = {
			isa = PBXVariantGroup;
			children = (
				260103752C0CB341001A73E5 /* Base */,
			);
			name = LaunchScreen.storyboard;
			sourceTree = "<group>";
		};
/* End PBXVariantGroup section */

/* Begin XCBuildConfiguration section */
		260103782C0CB341001A73E5 /* Debug */ = {
			isa = XCBuildConfiguration;
			buildSettings = {
				ALWAYS_SEARCH_USER_PATHS = NO;
				ASSETCATALOG_COMPILER_GENERATE_SWIFT_ASSET_SYMBOL_EXTENSIONS = YES;
				CLANG_ANALYZER_NONNULL = YES;
				CLANG_ANALYZER_NUMBER_OBJECT_CONVERSION = YES_AGGRESSIVE;
				CLANG_CXX_LANGUAGE_STANDARD = "gnu++20";
				CLANG_ENABLE_MODULES = YES;
				CLANG_ENABLE_OBJC_ARC = YES;
				CLANG_ENABLE_OBJC_WEAK = YES;
				CLANG_WARN_BLOCK_CAPTURE_AUTORELEASING = YES;
				CLANG_WARN_BOOL_CONVERSION = YES;
				CLANG_WARN_COMMA = YES;
				CLANG_WARN_CONSTANT_CONVERSION = YES;
				CLANG_WARN_DEPRECATED_OBJC_IMPLEMENTATIONS = YES;
				CLANG_WARN_DIRECT_OBJC_ISA_USAGE = YES_ERROR;
				CLANG_WARN_DOCUMENTATION_COMMENTS = YES;
				CLANG_WARN_EMPTY_BODY = YES;
				CLANG_WARN_ENUM_CONVERSION = YES;
				CLANG_WARN_INFINITE_RECURSION = YES;
				CLANG_WARN_INT_CONVERSION = YES;
				CLANG_WARN_NON_LITERAL_NULL_CONVERSION = YES;
				CLANG_WARN_OBJC_IMPLICIT_RETAIN_SELF = YES;
				CLANG_WARN_OBJC_LITERAL_CONVERSION = YES;
				CLANG_WARN_OBJC_ROOT_CLASS = YES_ERROR;
				CLANG_WARN_QUOTED_INCLUDE_IN_FRAMEWORK_HEADER = YES;
				CLANG_WARN_RANGE_LOOP_ANALYSIS = YES;
				CLANG_WARN_STRICT_PROTOTYPES = YES;
				CLANG_WARN_SUSPICIOUS_MOVE = YES;
				CLANG_WARN_UNGUARDED_AVAILABILITY = YES_AGGRESSIVE;
				CLANG_WARN_UNREACHABLE_CODE = YES;
				CLANG_WARN__DUPLICATE_METHOD_MATCH = YES;
				COPY_PHASE_STRIP = NO;
				DEBUG_INFORMATION_FORMAT = dwarf;
				ENABLE_STRICT_OBJC_MSGSEND = YES;
				ENABLE_TESTABILITY = YES;
				ENABLE_USER_SCRIPT_SANDBOXING = YES;
				GCC_C_LANGUAGE_STANDARD = gnu17;
				GCC_DYNAMIC_NO_PIC = NO;
				GCC_NO_COMMON_BLOCKS = YES;
				GCC_OPTIMIZATION_LEVEL = 0;
				GCC_PREPROCESSOR_DEFINITIONS = (
					"DEBUG=1",
					"$(inherited)",
				);
				GCC_WARN_64_TO_32_BIT_CONVERSION = YES;
				GCC_WARN_ABOUT_RETURN_TYPE = YES_ERROR;
				GCC_WARN_UNDECLARED_SELECTOR = YES;
				GCC_WARN_UNINITIALIZED_AUTOS = YES_AGGRESSIVE;
				GCC_WARN_UNUSED_FUNCTION = YES;
				GCC_WARN_UNUSED_VARIABLE = YES;
				IPHONEOS_DEPLOYMENT_TARGET = 17.2;
				LOCALIZATION_PREFERS_STRING_CATALOGS = YES;
				MTL_ENABLE_DEBUG_INFO = INCLUDE_SOURCE;
				MTL_FAST_MATH = YES;
				ONLY_ACTIVE_ARCH = YES;
				SDKROOT = iphoneos;
				SWIFT_ACTIVE_COMPILATION_CONDITIONS = "DEBUG $(inherited)";
				SWIFT_OPTIMIZATION_LEVEL = "-Onone";
			};
			name = Debug;
		};
		260103792C0CB341001A73E5 /* Release */ = {
			isa = XCBuildConfiguration;
			buildSettings = {
				ALWAYS_SEARCH_USER_PATHS = NO;
				ASSETCATALOG_COMPILER_GENERATE_SWIFT_ASSET_SYMBOL_EXTENSIONS = YES;
				CLANG_ANALYZER_NONNULL = YES;
				CLANG_ANALYZER_NUMBER_OBJECT_CONVERSION = YES_AGGRESSIVE;
				CLANG_CXX_LANGUAGE_STANDARD = "gnu++20";
				CLANG_ENABLE_MODULES = YES;
				CLANG_ENABLE_OBJC_ARC = YES;
				CLANG_ENABLE_OBJC_WEAK = YES;
				CLANG_WARN_BLOCK_CAPTURE_AUTORELEASING = YES;
				CLANG_WARN_BOOL_CONVERSION = YES;
				CLANG_WARN_COMMA = YES;
				CLANG_WARN_CONSTANT_CONVERSION = YES;
				CLANG_WARN_DEPRECATED_OBJC_IMPLEMENTATIONS = YES;
				CLANG_WARN_DIRECT_OBJC_ISA_USAGE = YES_ERROR;
				CLANG_WARN_DOCUMENTATION_COMMENTS = YES;
				CLANG_WARN_EMPTY_BODY = YES;
				CLANG_WARN_ENUM_CONVERSION = YES;
				CLANG_WARN_INFINITE_RECURSION = YES;
				CLANG_WARN_INT_CONVERSION = YES;
				CLANG_WARN_NON_LITERAL_NULL_CONVERSION = YES;
				CLANG_WARN_OBJC_IMPLICIT_RETAIN_SELF = YES;
				CLANG_WARN_OBJC_LITERAL_CONVERSION = YES;
				CLANG_WARN_OBJC_ROOT_CLASS = YES_ERROR;
				CLANG_WARN_QUOTED_INCLUDE_IN_FRAMEWORK_HEADER = YES;
				CLANG_WARN_RANGE_LOOP_ANALYSIS = YES;
				CLANG_WARN_STRICT_PROTOTYPES = YES;
				CLANG_WARN_SUSPICIOUS_MOVE = YES;
				CLANG_WARN_UNGUARDED_AVAILABILITY = YES_AGGRESSIVE;
				CLANG_WARN_UNREACHABLE_CODE = YES;
				CLANG_WARN__DUPLICATE_METHOD_MATCH = YES;
				COPY_PHASE_STRIP = NO;
				DEBUG_INFORMATION_FORMAT = "dwarf-with-dsym";
				ENABLE_NS_ASSERTIONS = NO;
				ENABLE_STRICT_OBJC_MSGSEND = YES;
				ENABLE_USER_SCRIPT_SANDBOXING = YES;
				GCC_C_LANGUAGE_STANDARD = gnu17;
				GCC_NO_COMMON_BLOCKS = YES;
				GCC_WARN_64_TO_32_BIT_CONVERSION = YES;
				GCC_WARN_ABOUT_RETURN_TYPE = YES_ERROR;
				GCC_WARN_UNDECLARED_SELECTOR = YES;
				GCC_WARN_UNINITIALIZED_AUTOS = YES_AGGRESSIVE;
				GCC_WARN_UNUSED_FUNCTION = YES;
				GCC_WARN_UNUSED_VARIABLE = YES;
				IPHONEOS_DEPLOYMENT_TARGET = 17.2;
				LOCALIZATION_PREFERS_STRING_CATALOGS = YES;
				MTL_ENABLE_DEBUG_INFO = NO;
				MTL_FAST_MATH = YES;
				SDKROOT = iphoneos;
				SWIFT_COMPILATION_MODE = wholemodule;
				VALIDATE_PRODUCT = YES;
			};
			name = Release;
		};
		2601037B2C0CB341001A73E5 /* Debug */ = {
			isa = XCBuildConfiguration;
			buildSettings = {
				ASSETCATALOG_COMPILER_APPICON_NAME = AppIcon;
				ASSETCATALOG_COMPILER_GLOBAL_ACCENT_COLOR_NAME = AccentColor;
				CODE_SIGN_STYLE = Automatic;
				CURRENT_PROJECT_VERSION = 1;
				DEVELOPMENT_TEAM = H47RMLWCVY;
				GENERATE_INFOPLIST_FILE = YES;
				INFOPLIST_FILE = Recipe/Info.plist;
				INFOPLIST_KEY_UIApplicationSupportsIndirectInputEvents = YES;
				INFOPLIST_KEY_UILaunchStoryboardName = LaunchScreen;
				INFOPLIST_KEY_UIMainStoryboardFile = Main;
				INFOPLIST_KEY_UISupportedInterfaceOrientations_iPad = "UIInterfaceOrientationPortrait UIInterfaceOrientationPortraitUpsideDown UIInterfaceOrientationLandscapeLeft UIInterfaceOrientationLandscapeRight";
				INFOPLIST_KEY_UISupportedInterfaceOrientations_iPhone = "UIInterfaceOrientationPortrait UIInterfaceOrientationLandscapeLeft UIInterfaceOrientationLandscapeRight";
				LD_RUNPATH_SEARCH_PATHS = (
					"$(inherited)",
					"@executable_path/Frameworks",
				);
				MARKETING_VERSION = 1.0;
				PRODUCT_BUNDLE_IDENTIFIER = ru.answerpro.u.lukash.Recipe;
				PRODUCT_NAME = "$(TARGET_NAME)";
				SWIFT_EMIT_LOC_STRINGS = YES;
				SWIFT_VERSION = 5.0;
				TARGETED_DEVICE_FAMILY = "1,2";
			};
			name = Debug;
		};
		2601037C2C0CB341001A73E5 /* Release */ = {
			isa = XCBuildConfiguration;
			buildSettings = {
				ASSETCATALOG_COMPILER_APPICON_NAME = AppIcon;
				ASSETCATALOG_COMPILER_GLOBAL_ACCENT_COLOR_NAME = AccentColor;
				CODE_SIGN_STYLE = Automatic;
				CURRENT_PROJECT_VERSION = 1;
				DEVELOPMENT_TEAM = H47RMLWCVY;
				GENERATE_INFOPLIST_FILE = YES;
				INFOPLIST_FILE = Recipe/Info.plist;
				INFOPLIST_KEY_UIApplicationSupportsIndirectInputEvents = YES;
				INFOPLIST_KEY_UILaunchStoryboardName = LaunchScreen;
				INFOPLIST_KEY_UIMainStoryboardFile = Main;
				INFOPLIST_KEY_UISupportedInterfaceOrientations_iPad = "UIInterfaceOrientationPortrait UIInterfaceOrientationPortraitUpsideDown UIInterfaceOrientationLandscapeLeft UIInterfaceOrientationLandscapeRight";
				INFOPLIST_KEY_UISupportedInterfaceOrientations_iPhone = "UIInterfaceOrientationPortrait UIInterfaceOrientationLandscapeLeft UIInterfaceOrientationLandscapeRight";
				LD_RUNPATH_SEARCH_PATHS = (
					"$(inherited)",
					"@executable_path/Frameworks",
				);
				MARKETING_VERSION = 1.0;
				PRODUCT_BUNDLE_IDENTIFIER = ru.answerpro.u.lukash.Recipe;
				PRODUCT_NAME = "$(TARGET_NAME)";
				SWIFT_EMIT_LOC_STRINGS = YES;
				SWIFT_VERSION = 5.0;
				TARGETED_DEVICE_FAMILY = "1,2";
			};
			name = Release;
		};
/* End XCBuildConfiguration section */

/* Begin XCConfigurationList section */
		260103612C0CB33F001A73E5 /* Build configuration list for PBXProject "Recipe" */ = {
			isa = XCConfigurationList;
			buildConfigurations = (
				260103782C0CB341001A73E5 /* Debug */,
				260103792C0CB341001A73E5 /* Release */,
			);
			defaultConfigurationIsVisible = 0;
			defaultConfigurationName = Release;
		};
		2601037A2C0CB341001A73E5 /* Build configuration list for PBXNativeTarget "Recipe" */ = {
			isa = XCConfigurationList;
			buildConfigurations = (
				2601037B2C0CB341001A73E5 /* Debug */,
				2601037C2C0CB341001A73E5 /* Release */,
			);
			defaultConfigurationIsVisible = 0;
			defaultConfigurationName = Release;
		};
/* End XCConfigurationList section */
	};
	rootObject = 2601035E2C0CB33F001A73E5 /* Project object */;
}
